
Microsoft Visual Studio Solution File, Format Version 12.00
# Visual Studio Version 16
VisualStudioVersion = 16.0.30225.117
MinimumVisualStudioVersion = 10.0.40219.1
Project("{FAE04EC0-301F-11D3-BF4B-00C04F79EFBC}") = "s17248_kolokwium", "s17248_kolokwium\s17248_kolokwium.csproj", "{DE6683B2-D7B3-4B61-AF7D-1FD4B41F0F38}"
EndProject
Global
	GlobalSection(SolutionConfigurationPlatforms) = preSolution
		Debug|Any CPU = Debug|Any CPU
		Release|Any CPU = Release|Any CPU
	EndGlobalSection
	GlobalSection(ProjectConfigurationPlatforms) = postSolution
		{DE6683B2-D7B3-4B61-AF7D-1FD4B41F0F38}.Debug|Any CPU.ActiveCfg = Debug|Any CPU
		{DE6683B2-D7B3-4B61-AF7D-1FD4B41F0F38}.Debug|Any CPU.Build.0 = Debug|Any CPU
		{DE6683B2-D7B3-4B61-AF7D-1FD4B41F0F38}.Release|Any CPU.ActiveCfg = Release|Any CPU
		{DE6683B2-D7B3-4B61-AF7D-1FD4B41F0F38}.Release|Any CPU.Build.0 = Release|Any CPU
	EndGlobalSection
	GlobalSection(SolutionProperties) = preSolution
		HideSolutionNode = FALSE
	EndGlobalSection
	GlobalSection(ExtensibilityGlobals) = postSolution
		SolutionGuid = {7527C4DE-ACF2-4BA1-8AE1-C8C5F2B3424F}
	EndGlobalSection
EndGlobal
